
Microsoft Visual Studio Solution File, Format Version 12.00
# Visual Studio 15
VisualStudioVersion = 15.0.28307.489
MinimumVisualStudioVersion = 10.0.40219.1
Project("{FAE04EC0-301F-11D3-BF4B-00C04F79EFBC}") = "Lab01", "Lab01\Lab01.csproj", "{4092D839-20BE-4251-9F4D-F9C478F90EBE}"
EndProject
Global
	GlobalSection(SolutionConfigurationPlatforms) = preSolution
		Debug|Any CPU = Debug|Any CPU
		Release|Any CPU = Release|Any CPU
	EndGlobalSection
	GlobalSection(ProjectConfigurationPlatforms) = postSolution
		{4092D839-20BE-4251-9F4D-F9C478F90EBE}.Debug|Any CPU.ActiveCfg = Debug|Any CPU
		{4092D839-20BE-4251-9F4D-F9C478F90EBE}.Debug|Any CPU.Build.0 = Debug|Any CPU
		{4092D839-20BE-4251-9F4D-F9C478F90EBE}.Release|Any CPU.ActiveCfg = Release|Any CPU
		{4092D839-20BE-4251-9F4D-F9C478F90EBE}.Release|Any CPU.Build.0 = Release|Any CPU
	EndGlobalSection
	GlobalSection(SolutionProperties) = preSolution
		HideSolutionNode = FALSE
	EndGlobalSection
	GlobalSection(ExtensibilityGlobals) = postSolution
		SolutionGuid = {66917D07-B2F3-4451-A31D-5D0B4278F139}
	EndGlobalSection
EndGlobal
